{
  "requires": true,
  "lockfileVersion": 1,
  "dependencies": {
    "hookrouter": {
      "version": "1.2.5",
      "resolved": "https://registry.npmjs.org/hookrouter/-/hookrouter-1.2.5.tgz",
      "integrity": "sha512-9OLve2u+JZDCOgPnxJu5dvg/mU1w2ZWWlSOFxCKcGQKRSH1MXI8tMwEgm64mQfjZLET/7yFRTUrZ4hUYoK0ezw=="
    },
    "react-table": {
      "version": "7.7.0",
      "resolved": "https://registry.npmjs.org/react-table/-/react-table-7.7.0.tgz",
      "integrity": "sha512-jBlj70iBwOTvvImsU9t01LjFjy4sXEtclBovl3mTiqjz23Reu0DKnRza4zlLtOPACx6j2/7MrQIthIK1Wi+LIA=="
    }
  }
}
